// !$*UTF8*$!
{
	archiveVersion = 1;
	classes = {
	};
	objectVersion = 51;
	objects = {

/* Begin PBXBuildFile section */
		209466F12294BDC5D9BBB626 /* Pods_twitterClient.framework in Frameworks */ = {isa = PBXBuildFile; fileRef = D31998E610F1F8B0FCCE3640 /* Pods_twitterClient.framework */; };
		CE2E2A9723ABF8E5007A1871 /* AppDelegate.swift in Sources */ = {isa = PBXBuildFile; fileRef = CE2E2A9623ABF8E5007A1871 /* AppDelegate.swift */; };
		CE2E2A9923ABF8E5007A1871 /* SceneDelegate.swift in Sources */ = {isa = PBXBuildFile; fileRef = CE2E2A9823ABF8E5007A1871 /* SceneDelegate.swift */; };
		CE2E2A9B23ABF8E5007A1871 /* StartScreenVC.swift in Sources */ = {isa = PBXBuildFile; fileRef = CE2E2A9A23ABF8E5007A1871 /* StartScreenVC.swift */; };
		CE2E2A9E23ABF8E5007A1871 /* Main.storyboard in Resources */ = {isa = PBXBuildFile; fileRef = CE2E2A9C23ABF8E5007A1871 /* Main.storyboard */; };
		CE2E2AA023ABF8E9007A1871 /* Assets.xcassets in Resources */ = {isa = PBXBuildFile; fileRef = CE2E2A9F23ABF8E9007A1871 /* Assets.xcassets */; };
		CE2E2AA323ABF8E9007A1871 /* LaunchScreen.storyboard in Resources */ = {isa = PBXBuildFile; fileRef = CE2E2AA123ABF8E9007A1871 /* LaunchScreen.storyboard */; };
		CE2E2AB023ABFB14007A1871 /* User.swift in Sources */ = {isa = PBXBuildFile; fileRef = CE2E2AAF23ABFB14007A1871 /* User.swift */; };
		CEB09E7923AFFCD600C4D780 /* TwitterManager.swift in Sources */ = {isa = PBXBuildFile; fileRef = CEB09E7823AFFCD600C4D780 /* TwitterManager.swift */; };
		CEB09E7C23B0FF9000C4D780 /* UserDefaults+Extension.swift in Sources */ = {isa = PBXBuildFile; fileRef = CEB09E7B23B0FF9000C4D780 /* UserDefaults+Extension.swift */; };
		CEB09E7E23B1103B00C4D780 /* TweetFeedTableVC.swift in Sources */ = {isa = PBXBuildFile; fileRef = CEB09E7D23B1103B00C4D780 /* TweetFeedTableVC.swift */; };
/* End PBXBuildFile section */

/* Begin PBXFileReference section */
		6FF4CC27609698AB881896FD /* Pods-twitterClient.debug.xcconfig */ = {isa = PBXFileReference; includeInIndex = 1; lastKnownFileType = text.xcconfig; name = "Pods-twitterClient.debug.xcconfig"; path = "Target Support Files/Pods-twitterClient/Pods-twitterClient.debug.xcconfig"; sourceTree = "<group>"; };
		9D3E86249E07C450DBBF0557 /* Pods-twitterClient.release.xcconfig */ = {isa = PBXFileReference; includeInIndex = 1; lastKnownFileType = text.xcconfig; name = "Pods-twitterClient.release.xcconfig"; path = "Target Support Files/Pods-twitterClient/Pods-twitterClient.release.xcconfig"; sourceTree = "<group>"; };
		CE2E2A9323ABF8E5007A1871 /* twitterClient.app */ = {isa = PBXFileReference; explicitFileType = wrapper.application; includeInIndex = 0; path = twitterClient.app; sourceTree = BUILT_PRODUCTS_DIR; };
		CE2E2A9623ABF8E5007A1871 /* AppDelegate.swift */ = {isa = PBXFileReference; lastKnownFileType = sourcecode.swift; path = AppDelegate.swift; sourceTree = "<group>"; };
		CE2E2A9823ABF8E5007A1871 /* SceneDelegate.swift */ = {isa = PBXFileReference; lastKnownFileType = sourcecode.swift; path = SceneDelegate.swift; sourceTree = "<group>"; };
		CE2E2A9A23ABF8E5007A1871 /* StartScreenVC.swift */ = {isa = PBXFileReference; lastKnownFileType = sourcecode.swift; path = StartScreenVC.swift; sourceTree = "<group>"; };
		CE2E2A9D23ABF8E5007A1871 /* Base */ = {isa = PBXFileReference; lastKnownFileType = file.storyboard; name = Base; path = Base.lproj/Main.storyboard; sourceTree = "<group>"; };
		CE2E2A9F23ABF8E9007A1871 /* Assets.xcassets */ = {isa = PBXFileReference; lastKnownFileType = folder.assetcatalog; path = Assets.xcassets; sourceTree = "<group>"; };
		CE2E2AA223ABF8E9007A1871 /* Base */ = {isa = PBXFileReference; lastKnownFileType = file.storyboard; name = Base; path = Base.lproj/LaunchScreen.storyboard; sourceTree = "<group>"; };
		CE2E2AA423ABF8E9007A1871 /* Info.plist */ = {isa = PBXFileReference; lastKnownFileType = text.plist.xml; path = Info.plist; sourceTree = "<group>"; };
		CE2E2AAF23ABFB14007A1871 /* User.swift */ = {isa = PBXFileReference; lastKnownFileType = sourcecode.swift; path = User.swift; sourceTree = "<group>"; };
		CEB09E7823AFFCD600C4D780 /* TwitterManager.swift */ = {isa = PBXFileReference; lastKnownFileType = sourcecode.swift; path = TwitterManager.swift; sourceTree = "<group>"; };
		CEB09E7B23B0FF9000C4D780 /* UserDefaults+Extension.swift */ = {isa = PBXFileReference; lastKnownFileType = sourcecode.swift; path = "UserDefaults+Extension.swift"; sourceTree = "<group>"; };
		CEB09E7D23B1103B00C4D780 /* TweetFeedTableVC.swift */ = {isa = PBXFileReference; lastKnownFileType = sourcecode.swift; path = TweetFeedTableVC.swift; sourceTree = "<group>"; };
		D31998E610F1F8B0FCCE3640 /* Pods_twitterClient.framework */ = {isa = PBXFileReference; explicitFileType = wrapper.framework; includeInIndex = 0; path = Pods_twitterClient.framework; sourceTree = BUILT_PRODUCTS_DIR; };
/* End PBXFileReference section */

/* Begin PBXFrameworksBuildPhase section */
		CE2E2A9023ABF8E5007A1871 /* Frameworks */ = {
			isa = PBXFrameworksBuildPhase;
			buildActionMask = 2147483647;
			files = (
				209466F12294BDC5D9BBB626 /* Pods_twitterClient.framework in Frameworks */,
			);
			runOnlyForDeploymentPostprocessing = 0;
		};
/* End PBXFrameworksBuildPhase section */

/* Begin PBXGroup section */
		33D9264392AA5D0598697144 /* Pods */ = {
			isa = PBXGroup;
			children = (
				6FF4CC27609698AB881896FD /* Pods-twitterClient.debug.xcconfig */,
				9D3E86249E07C450DBBF0557 /* Pods-twitterClient.release.xcconfig */,
			);
			path = Pods;
			sourceTree = "<group>";
		};
		74409131459076D2A845E7E8 /* Frameworks */ = {
			isa = PBXGroup;
			children = (
				D31998E610F1F8B0FCCE3640 /* Pods_twitterClient.framework */,
			);
			name = Frameworks;
			sourceTree = "<group>";
		};
		CE2E2A8A23ABF8E5007A1871 = {
			isa = PBXGroup;
			children = (
				CE2E2A9523ABF8E5007A1871 /* twitterClient */,
				CE2E2A9423ABF8E5007A1871 /* Products */,
				33D9264392AA5D0598697144 /* Pods */,
				74409131459076D2A845E7E8 /* Frameworks */,
			);
			sourceTree = "<group>";
		};
		CE2E2A9423ABF8E5007A1871 /* Products */ = {
			isa = PBXGroup;
			children = (
				CE2E2A9323ABF8E5007A1871 /* twitterClient.app */,
			);
			name = Products;
			sourceTree = "<group>";
		};
		CE2E2A9523ABF8E5007A1871 /* twitterClient */ = {
			isa = PBXGroup;
			children = (
				CEB09E7A23B0FF7A00C4D780 /* Extensions */,
				CEB09E7723AFFCC000C4D780 /* TwitterAPI */,
				CE2E2AAC23ABF9B1007A1871 /* ViewController */,
				CE2E2AAA23ABF9A1007A1871 /* Model */,
				CE2E2A9623ABF8E5007A1871 /* AppDelegate.swift */,
				CE2E2A9823ABF8E5007A1871 /* SceneDelegate.swift */,
				CE2E2A9C23ABF8E5007A1871 /* Main.storyboard */,
				CE2E2A9F23ABF8E9007A1871 /* Assets.xcassets */,
				CE2E2AA123ABF8E9007A1871 /* LaunchScreen.storyboard */,
				CE2E2AA423ABF8E9007A1871 /* Info.plist */,
			);
			path = twitterClient;
			sourceTree = "<group>";
		};
		CE2E2AAA23ABF9A1007A1871 /* Model */ = {
			isa = PBXGroup;
			children = (
				CE2E2AAF23ABFB14007A1871 /* User.swift */,
			);
			path = Model;
			sourceTree = "<group>";
		};
		CE2E2AAC23ABF9B1007A1871 /* ViewController */ = {
			isa = PBXGroup;
			children = (
				CE2E2A9A23ABF8E5007A1871 /* StartScreenVC.swift */,
				CEB09E7D23B1103B00C4D780 /* TweetFeedTableVC.swift */,
			);
			path = ViewController;
			sourceTree = "<group>";
		};
		CEB09E7723AFFCC000C4D780 /* TwitterAPI */ = {
			isa = PBXGroup;
			children = (
				CEB09E7823AFFCD600C4D780 /* TwitterManager.swift */,
			);
			path = TwitterAPI;
			sourceTree = "<group>";
		};
		CEB09E7A23B0FF7A00C4D780 /* Extensions */ = {
			isa = PBXGroup;
			children = (
				CEB09E7B23B0FF9000C4D780 /* UserDefaults+Extension.swift */,
			);
			path = Extensions;
			sourceTree = "<group>";
		};
/* End PBXGroup section */

/* Begin PBXNativeTarget section */
		CE2E2A9223ABF8E5007A1871 /* twitterClient */ = {
			isa = PBXNativeTarget;
			buildConfigurationList = CE2E2AA723ABF8E9007A1871 /* Build configuration list for PBXNativeTarget "twitterClient" */;
			buildPhases = (
				A4D7BA17956504D557897E1F /* [CP] Check Pods Manifest.lock */,
				CE2E2A8F23ABF8E5007A1871 /* Sources */,
				CE2E2A9023ABF8E5007A1871 /* Frameworks */,
				CE2E2A9123ABF8E5007A1871 /* Resources */,
				8A31D83A8DBB135F2B555C71 /* [CP] Embed Pods Frameworks */,
			);
			buildRules = (
			);
			dependencies = (
			);
			name = twitterClient;
			productName = twitterClient;
			productReference = CE2E2A9323ABF8E5007A1871 /* twitterClient.app */;
			productType = "com.apple.product-type.application";
		};
/* End PBXNativeTarget section */

/* Begin PBXProject section */
		CE2E2A8B23ABF8E5007A1871 /* Project object */ = {
			isa = PBXProject;
			attributes = {
				LastSwiftUpdateCheck = 1130;
				LastUpgradeCheck = 1130;
				ORGANIZATIONNAME = "AP Andrey Luferau";
				TargetAttributes = {
					CE2E2A9223ABF8E5007A1871 = {
						CreatedOnToolsVersion = 11.3;
					};
				};
			};
			buildConfigurationList = CE2E2A8E23ABF8E5007A1871 /* Build configuration list for PBXProject "twitterClient" */;
			compatibilityVersion = "Xcode 9.3";
			developmentRegion = en;
			hasScannedForEncodings = 0;
			knownRegions = (
				en,
				Base,
			);
			mainGroup = CE2E2A8A23ABF8E5007A1871;
			productRefGroup = CE2E2A9423ABF8E5007A1871 /* Products */;
			projectDirPath = "";
			projectRoot = "";
			targets = (
				CE2E2A9223ABF8E5007A1871 /* twitterClient */,
			);
		};
/* End PBXProject section */

/* Begin PBXResourcesBuildPhase section */
		CE2E2A9123ABF8E5007A1871 /* Resources */ = {
			isa = PBXResourcesBuildPhase;
			buildActionMask = 2147483647;
			files = (
				CE2E2AA323ABF8E9007A1871 /* LaunchScreen.storyboard in Resources */,
				CE2E2AA023ABF8E9007A1871 /* Assets.xcassets in Resources */,
				CE2E2A9E23ABF8E5007A1871 /* Main.storyboard in Resources */,
			);
			runOnlyForDeploymentPostprocessing = 0;
		};
/* End PBXResourcesBuildPhase section */

/* Begin PBXShellScriptBuildPhase section */
		8A31D83A8DBB135F2B555C71 /* [CP] Embed Pods Frameworks */ = {
			isa = PBXShellScriptBuildPhase;
			buildActionMask = 2147483647;
			files = (
			);
			inputFileListPaths = (
				"${PODS_ROOT}/Target Support Files/Pods-twitterClient/Pods-twitterClient-frameworks-${CONFIGURATION}-input-files.xcfilelist",
			);
			name = "[CP] Embed Pods Frameworks";
			outputFileListPaths = (
				"${PODS_ROOT}/Target Support Files/Pods-twitterClient/Pods-twitterClient-frameworks-${CONFIGURATION}-output-files.xcfilelist",
			);
			runOnlyForDeploymentPostprocessing = 0;
			shellPath = /bin/sh;
			shellScript = "\"${PODS_ROOT}/Target Support Files/Pods-twitterClient/Pods-twitterClient-frameworks.sh\"\n";
			showEnvVarsInLog = 0;
		};
		A4D7BA17956504D557897E1F /* [CP] Check Pods Manifest.lock */ = {
			isa = PBXShellScriptBuildPhase;
			buildActionMask = 2147483647;
			files = (
			);
			inputFileListPaths = (
			);
			inputPaths = (
				"${PODS_PODFILE_DIR_PATH}/Podfile.lock",
				"${PODS_ROOT}/Manifest.lock",
			);
			name = "[CP] Check Pods Manifest.lock";
			outputFileListPaths = (
			);
			outputPaths = (
				"$(DERIVED_FILE_DIR)/Pods-twitterClient-checkManifestLockResult.txt",
			);
			runOnlyForDeploymentPostprocessing = 0;
			shellPath = /bin/sh;
			shellScript = "diff \"${PODS_PODFILE_DIR_PATH}/Podfile.lock\" \"${PODS_ROOT}/Manifest.lock\" > /dev/null\nif [ $? != 0 ] ; then\n    # print error to STDERR\n    echo \"error: The sandbox is not in sync with the Podfile.lock. Run 'pod install' or update your CocoaPods installation.\" >&2\n    exit 1\nfi\n# This output is used by Xcode 'outputs' to avoid re-running this script phase.\necho \"SUCCESS\" > \"${SCRIPT_OUTPUT_FILE_0}\"\n";
			showEnvVarsInLog = 0;
		};
/* End PBXShellScriptBuildPhase section */

/* Begin PBXSourcesBuildPhase section */
		CE2E2A8F23ABF8E5007A1871 /* Sources */ = {
			isa = PBXSourcesBuildPhase;
			buildActionMask = 2147483647;
			files = (
				CE2E2AB023ABFB14007A1871 /* User.swift in Sources */,
				CE2E2A9B23ABF8E5007A1871 /* StartScreenVC.swift in Sources */,
				CE2E2A9723ABF8E5007A1871 /* AppDelegate.swift in Sources */,
				CEB09E7E23B1103B00C4D780 /* TweetFeedTableVC.swift in Sources */,
				CE2E2A9923ABF8E5007A1871 /* SceneDelegate.swift in Sources */,
				CEB09E7C23B0FF9000C4D780 /* UserDefaults+Extension.swift in Sources */,
				CEB09E7923AFFCD600C4D780 /* TwitterManager.swift in Sources */,
			);
			runOnlyForDeploymentPostprocessing = 0;
		};
/* End PBXSourcesBuildPhase section */

/* Begin PBXVariantGroup section */
		CE2E2A9C23ABF8E5007A1871 /* Main.storyboard */ = {
			isa = PBXVariantGroup;
			children = (
				CE2E2A9D23ABF8E5007A1871 /* Base */,
			);
			name = Main.storyboard;
			sourceTree = "<group>";
		};
		CE2E2AA123ABF8E9007A1871 /* LaunchScreen.storyboard */ = {
			isa = PBXVariantGroup;
			children = (
				CE2E2AA223ABF8E9007A1871 /* Base */,
			);
			name = LaunchScreen.storyboard;
			sourceTree = "<group>";
		};
/* End PBXVariantGroup section */

/* Begin XCBuildConfiguration section */
		CE2E2AA523ABF8E9007A1871 /* Debug */ = {
			isa = XCBuildConfiguration;
			buildSettings = {
				ALWAYS_SEARCH_USER_PATHS = NO;
				CLANG_ANALYZER_NONNULL = YES;
				CLANG_ANALYZER_NUMBER_OBJECT_CONVERSION = YES_AGGRESSIVE;
				CLANG_CXX_LANGUAGE_STANDARD = "gnu++14";
				CLANG_CXX_LIBRARY = "libc++";
				CLANG_ENABLE_MODULES = YES;
				CLANG_ENABLE_OBJC_ARC = YES;
				CLANG_ENABLE_OBJC_WEAK = YES;
				CLANG_WARN_BLOCK_CAPTURE_AUTORELEASING = YES;
				CLANG_WARN_BOOL_CONVERSION = YES;
				CLANG_WARN_COMMA = YES;
				CLANG_WARN_CONSTANT_CONVERSION = YES;
				CLANG_WARN_DEPRECATED_OBJC_IMPLEMENTATIONS = YES;
				CLANG_WARN_DIRECT_OBJC_ISA_USAGE = YES_ERROR;
				CLANG_WARN_DOCUMENTATION_COMMENTS = YES;
				CLANG_WARN_EMPTY_BODY = YES;
				CLANG_WARN_ENUM_CONVERSION = YES;
				CLANG_WARN_INFINITE_RECURSION = YES;
				CLANG_WARN_INT_CONVERSION = YES;
				CLANG_WARN_NON_LITERAL_NULL_CONVERSION = YES;
				CLANG_WARN_OBJC_IMPLICIT_RETAIN_SELF = YES;
				CLANG_WARN_OBJC_LITERAL_CONVERSION = YES;
				CLANG_WARN_OBJC_ROOT_CLASS = YES_ERROR;
				CLANG_WARN_RANGE_LOOP_ANALYSIS = YES;
				CLANG_WARN_STRICT_PROTOTYPES = YES;
				CLANG_WARN_SUSPICIOUS_MOVE = YES;
				CLANG_WARN_UNGUARDED_AVAILABILITY = YES_AGGRESSIVE;
				CLANG_WARN_UNREACHABLE_CODE = YES;
				CLANG_WARN__DUPLICATE_METHOD_MATCH = YES;
				COPY_PHASE_STRIP = NO;
				DEBUG_INFORMATION_FORMAT = dwarf;
				ENABLE_STRICT_OBJC_MSGSEND = YES;
				ENABLE_TESTABILITY = YES;
				GCC_C_LANGUAGE_STANDARD = gnu11;
				GCC_DYNAMIC_NO_PIC = NO;
				GCC_NO_COMMON_BLOCKS = YES;
				GCC_OPTIMIZATION_LEVEL = 0;
				GCC_PREPROCESSOR_DEFINITIONS = (
					"DEBUG=1",
					"$(inherited)",
				);
				GCC_WARN_64_TO_32_BIT_CONVERSION = YES;
				GCC_WARN_ABOUT_RETURN_TYPE = YES_ERROR;
				GCC_WARN_UNDECLARED_SELECTOR = YES;
				GCC_WARN_UNINITIALIZED_AUTOS = YES_AGGRESSIVE;
				GCC_WARN_UNUSED_FUNCTION = YES;
				GCC_WARN_UNUSED_VARIABLE = YES;
				IPHONEOS_DEPLOYMENT_TARGET = 13.2;
				MTL_ENABLE_DEBUG_INFO = INCLUDE_SOURCE;
				MTL_FAST_MATH = YES;
				ONLY_ACTIVE_ARCH = YES;
				SDKROOT = iphoneos;
				SWIFT_ACTIVE_COMPILATION_CONDITIONS = DEBUG;
				SWIFT_OPTIMIZATION_LEVEL = "-Onone";
			};
			name = Debug;
		};
		CE2E2AA623ABF8E9007A1871 /* Release */ = {
			isa = XCBuildConfiguration;
			buildSettings = {
				ALWAYS_SEARCH_USER_PATHS = NO;
				CLANG_ANALYZER_NONNULL = YES;
				CLANG_ANALYZER_NUMBER_OBJECT_CONVERSION = YES_AGGRESSIVE;
				CLANG_CXX_LANGUAGE_STANDARD = "gnu++14";
				CLANG_CXX_LIBRARY = "libc++";
				CLANG_ENABLE_MODULES = YES;
				CLANG_ENABLE_OBJC_ARC = YES;
				CLANG_ENABLE_OBJC_WEAK = YES;
				CLANG_WARN_BLOCK_CAPTURE_AUTORELEASING = YES;
				CLANG_WARN_BOOL_CONVERSION = YES;
				CLANG_WARN_COMMA = YES;
				CLANG_WARN_CONSTANT_CONVERSION = YES;
				CLANG_WARN_DEPRECATED_OBJC_IMPLEMENTATIONS = YES;
				CLANG_WARN_DIRECT_OBJC_ISA_USAGE = YES_ERROR;
				CLANG_WARN_DOCUMENTATION_COMMENTS = YES;
				CLANG_WARN_EMPTY_BODY = YES;
				CLANG_WARN_ENUM_CONVERSION = YES;
				CLANG_WARN_INFINITE_RECURSION = YES;
				CLANG_WARN_INT_CONVERSION = YES;
				CLANG_WARN_NON_LITERAL_NULL_CONVERSION = YES;
				CLANG_WARN_OBJC_IMPLICIT_RETAIN_SELF = YES;
				CLANG_WARN_OBJC_LITERAL_CONVERSION = YES;
				CLANG_WARN_OBJC_ROOT_CLASS = YES_ERROR;
				CLANG_WARN_RANGE_LOOP_ANALYSIS = YES;
				CLANG_WARN_STRICT_PROTOTYPES = YES;
				CLANG_WARN_SUSPICIOUS_MOVE = YES;
				CLANG_WARN_UNGUARDED_AVAILABILITY = YES_AGGRESSIVE;
				CLANG_WARN_UNREACHABLE_CODE = YES;
				CLANG_WARN__DUPLICATE_METHOD_MATCH = YES;
				COPY_PHASE_STRIP = NO;
				DEBUG_INFORMATION_FORMAT = "dwarf-with-dsym";
				ENABLE_NS_ASSERTIONS = NO;
				ENABLE_STRICT_OBJC_MSGSEND = YES;
				GCC_C_LANGUAGE_STANDARD = gnu11;
				GCC_NO_COMMON_BLOCKS = YES;
				GCC_WARN_64_TO_32_BIT_CONVERSION = YES;
				GCC_WARN_ABOUT_RETURN_TYPE = YES_ERROR;
				GCC_WARN_UNDECLARED_SELECTOR = YES;
				GCC_WARN_UNINITIALIZED_AUTOS = YES_AGGRESSIVE;
				GCC_WARN_UNUSED_FUNCTION = YES;
				GCC_WARN_UNUSED_VARIABLE = YES;
				IPHONEOS_DEPLOYMENT_TARGET = 13.2;
				MTL_ENABLE_DEBUG_INFO = NO;
				MTL_FAST_MATH = YES;
				SDKROOT = iphoneos;
				SWIFT_COMPILATION_MODE = wholemodule;
				SWIFT_OPTIMIZATION_LEVEL = "-O";
				VALIDATE_PRODUCT = YES;
			};
			name = Release;
		};
		CE2E2AA823ABF8E9007A1871 /* Debug */ = {
			isa = XCBuildConfiguration;
			baseConfigurationReference = 6FF4CC27609698AB881896FD /* Pods-twitterClient.debug.xcconfig */;
			buildSettings = {
				ASSETCATALOG_COMPILER_APPICON_NAME = AppIcon;
				CODE_SIGN_STYLE = Automatic;
				INFOPLIST_FILE = twitterClient/Info.plist;
				IPHONEOS_DEPLOYMENT_TARGET = 12.0;
				LD_RUNPATH_SEARCH_PATHS = (
					"$(inherited)",
					"@executable_path/Frameworks",
				);
				PRODUCT_BUNDLE_IDENTIFIER = com.apalonapps.twitterClient;
				PRODUCT_NAME = "$(TARGET_NAME)";
				SWIFT_VERSION = 5.0;
				TARGETED_DEVICE_FAMILY = "1,2";
			};
			name = Debug;
		};
		CE2E2AA923ABF8E9007A1871 /* Release */ = {
			isa = XCBuildConfiguration;
			baseConfigurationReference = 9D3E86249E07C450DBBF0557 /* Pods-twitterClient.release.xcconfig */;
			buildSettings = {
				ASSETCATALOG_COMPILER_APPICON_NAME = AppIcon;
				CODE_SIGN_STYLE = Automatic;
				INFOPLIST_FILE = twitterClient/Info.plist;
				IPHONEOS_DEPLOYMENT_TARGET = 12.0;
				LD_RUNPATH_SEARCH_PATHS = (
					"$(inherited)",
					"@executable_path/Frameworks",
				);
				PRODUCT_BUNDLE_IDENTIFIER = com.apalonapps.twitterClient;
				PRODUCT_NAME = "$(TARGET_NAME)";
				SWIFT_VERSION = 5.0;
				TARGETED_DEVICE_FAMILY = "1,2";
			};
			name = Release;
		};
/* End XCBuildConfiguration section */

/* Begin XCConfigurationList section */
		CE2E2A8E23ABF8E5007A1871 /* Build configuration list for PBXProject "twitterClient" */ = {
			isa = XCConfigurationList;
			buildConfigurations = (
				CE2E2AA523ABF8E9007A1871 /* Debug */,
				CE2E2AA623ABF8E9007A1871 /* Release */,
			);
			defaultConfigurationIsVisible = 0;
			defaultConfigurationName = Release;
		};
		CE2E2AA723ABF8E9007A1871 /* Build configuration list for PBXNativeTarget "twitterClient" */ = {
			isa = XCConfigurationList;
			buildConfigurations = (
				CE2E2AA823ABF8E9007A1871 /* Debug */,
				CE2E2AA923ABF8E9007A1871 /* Release */,
			);
			defaultConfigurationIsVisible = 0;
			defaultConfigurationName = Release;
		};
/* End XCConfigurationList section */
	};
	rootObject = CE2E2A8B23ABF8E5007A1871 /* Project object */;
}
